{
  "name": "eslint-config-ktsn-typescript",
  "version": "1.1.4",
  "lockfileVersion": 1,
  "requires": true,
  "dependencies": {
    "eslint-config-ktsn": {
      "version": "2.0.1",
      "resolved": "https://registry.npmjs.org/eslint-config-ktsn/-/eslint-config-ktsn-2.0.1.tgz",
      "integrity": "sha512-D6J4qw2fn2gaQE2cF6qhWkV4VhEJKhsr61apfnUM+GR+MfOE4zHdNDJI12zIy2bxzYpolf9TI3eX0HK3lZUpgw==",
      "requires": {
        "eslint-plugin-prettier": "^2.6.2"
      }
    },
    "eslint-plugin-prettier": {
      "version": "2.6.2",
      "resolved": "https://registry.npmjs.org/eslint-plugin-prettier/-/eslint-plugin-prettier-2.6.2.tgz",
      "integrity": "sha512-tGek5clmW5swrAx1mdPYM8oThrBE83ePh7LeseZHBWfHVGrHPhKn7Y5zgRMbU/9D5Td9K4CEmUPjGxA7iw98Og==",
      "requires": {
        "fast-diff": "^1.1.1",
        "jest-docblock": "^21.0.0"
      }
    },
    "eslint-plugin-typescript": {
      "version": "0.12.0",
      "resolved": "https://registry.npmjs.org/eslint-plugin-typescript/-/eslint-plugin-typescript-0.12.0.tgz",
      "integrity": "sha512-2+DNE8nTvdNkhem/FBJXLPSeMDOZL68vHHNfTbM+PBc5iAuwBe8xLSQubwKxABqSZDwUHg+mwGmv5c2NlImi0Q==",
      "requires": {
        "requireindex": "~1.1.0"
      }
    },
    "fast-diff": {
      "version": "1.1.2",
      "resolved": "https://registry.npmjs.org/fast-diff/-/fast-diff-1.1.2.tgz",
      "integrity": "sha512-KaJUt+M9t1qaIteSvjc6P3RbMdXsNhK61GRftR6SNxqmhthcd9MGIi4T+o0jD8LUSpSnSKXE20nLtJ3fOHxQig=="
    },
    "jest-docblock": {
      "version": "21.2.0",
      "resolved": "https://registry.npmjs.org/jest-docblock/-/jest-docblock-21.2.0.tgz",
      "integrity": "sha512-5IZ7sY9dBAYSV+YjQ0Ovb540Ku7AO9Z5o2Cg789xj167iQuZ2cG+z0f3Uct6WeYLbU6aQiM2pCs7sZ+4dotydw=="
    },
    "lodash.unescape": {
      "version": "4.0.1",
      "resolved": "https://registry.npmjs.org/lodash.unescape/-/lodash.unescape-4.0.1.tgz",
      "integrity": "sha1-vyJJiGzlFM2hEvrpIYzcBlIR/Jw="
    },
    "requireindex": {
      "version": "1.1.0",
      "resolved": "https://registry.npmjs.org/requireindex/-/requireindex-1.1.0.tgz",
      "integrity": "sha1-5UBLgVV+91225JxacgBIk/4D4WI="
    },
    "semver": {
      "version": "5.5.0",
      "resolved": "https://registry.npmjs.org/semver/-/semver-5.5.0.tgz",
      "integrity": "sha512-4SJ3dm0WAwWy/NVeioZh5AntkdJoWKxHxcmyP622fOkgHa4z3R0TdBJICINyaSDE6uNwVc8gZr+ZinwZAH4xIA=="
    },
    "typescript": {
      "version": "3.0.1",
      "resolved": "https://registry.npmjs.org/typescript/-/typescript-3.0.1.tgz",
      "integrity": "sha512-zQIMOmC+372pC/CCVLqnQ0zSBiY7HHodU7mpQdjiZddek4GMj31I3dUJ7gAs9o65X7mnRma6OokOkc6f9jjfBg==",
      "dev": true
    },
    "typescript-eslint-parser": {
      "version": "18.0.0",
      "resolved": "https://registry.npmjs.org/typescript-eslint-parser/-/typescript-eslint-parser-18.0.0.tgz",
      "integrity": "sha512-Pn/A/Cw9ysiXSX5U1xjBmPQlxtWGV2o7jDNiH/u7KgBO2yC/y37wNFl2ogSrGZBQFuglLzGq0Xl0Bt31Jv44oA==",
      "requires": {
        "lodash.unescape": "4.0.1",
        "semver": "5.5.0"
      }
    }
  }
}
